
Microsoft Visual Studio Solution File, Format Version 12.00
# Visual Studio Version 16
VisualStudioVersion = 16.0.31112.23
MinimumVisualStudioVersion = 10.0.40219.1
Project("{FAE04EC0-301F-11D3-BF4B-00C04F79EFBC}") = "TaskEqualStringsLinq", "TaskEqualStringsLinq\TaskEqualStringsLinq.csproj", "{0F5271B7-4D8A-40A5-A547-C4CA09783399}"
EndProject
Global
	GlobalSection(SolutionConfigurationPlatforms) = preSolution
		Debug|Any CPU = Debug|Any CPU
		Release|Any CPU = Release|Any CPU
	EndGlobalSection
	GlobalSection(ProjectConfigurationPlatforms) = postSolution
		{0F5271B7-4D8A-40A5-A547-C4CA09783399}.Debug|Any CPU.ActiveCfg = Debug|Any CPU
		{0F5271B7-4D8A-40A5-A547-C4CA09783399}.Debug|Any CPU.Build.0 = Debug|Any CPU
		{0F5271B7-4D8A-40A5-A547-C4CA09783399}.Release|Any CPU.ActiveCfg = Release|Any CPU
		{0F5271B7-4D8A-40A5-A547-C4CA09783399}.Release|Any CPU.Build.0 = Release|Any CPU
	EndGlobalSection
	GlobalSection(SolutionProperties) = preSolution
		HideSolutionNode = FALSE
	EndGlobalSection
	GlobalSection(ExtensibilityGlobals) = postSolution
		SolutionGuid = {5759BECE-5A74-4E18-BE6F-C25B82BBC1D8}
	EndGlobalSection
EndGlobal
