
Microsoft Visual Studio Solution File, Format Version 12.00
# Visual Studio Version 16
VisualStudioVersion = 16.0.31112.23
MinimumVisualStudioVersion = 10.0.40219.1
Project("{FAE04EC0-301F-11D3-BF4B-00C04F79EFBC}") = "Chapter10", "Chapter10\Chapter10.csproj", "{24564533-12C6-4967-BB46-DA10F4C8A1C5}"
EndProject
Global
	GlobalSection(SolutionConfigurationPlatforms) = preSolution
		Debug|Any CPU = Debug|Any CPU
		Release|Any CPU = Release|Any CPU
	EndGlobalSection
	GlobalSection(ProjectConfigurationPlatforms) = postSolution
		{24564533-12C6-4967-BB46-DA10F4C8A1C5}.Debug|Any CPU.ActiveCfg = Debug|Any CPU
		{24564533-12C6-4967-BB46-DA10F4C8A1C5}.Debug|Any CPU.Build.0 = Debug|Any CPU
		{24564533-12C6-4967-BB46-DA10F4C8A1C5}.Release|Any CPU.ActiveCfg = Release|Any CPU
		{24564533-12C6-4967-BB46-DA10F4C8A1C5}.Release|Any CPU.Build.0 = Release|Any CPU
	EndGlobalSection
	GlobalSection(SolutionProperties) = preSolution
		HideSolutionNode = FALSE
	EndGlobalSection
	GlobalSection(ExtensibilityGlobals) = postSolution
		SolutionGuid = {1CC6C616-51C1-4539-BE9E-97165425C43E}
	EndGlobalSection
EndGlobal
