
Microsoft Visual Studio Solution File, Format Version 12.00
# Visual Studio Version 16
VisualStudioVersion = 16.0.31112.23
MinimumVisualStudioVersion = 10.0.40219.1
Project("{FAE04EC0-301F-11D3-BF4B-00C04F79EFBC}") = "Chapter14", "Chapter14\Chapter14.csproj", "{6498E441-81BA-4282-9785-EA99E83F7F6D}"
EndProject
Global
	GlobalSection(SolutionConfigurationPlatforms) = preSolution
		Debug|Any CPU = Debug|Any CPU
		Release|Any CPU = Release|Any CPU
	EndGlobalSection
	GlobalSection(ProjectConfigurationPlatforms) = postSolution
		{6498E441-81BA-4282-9785-EA99E83F7F6D}.Debug|Any CPU.ActiveCfg = Debug|Any CPU
		{6498E441-81BA-4282-9785-EA99E83F7F6D}.Debug|Any CPU.Build.0 = Debug|Any CPU
		{6498E441-81BA-4282-9785-EA99E83F7F6D}.Release|Any CPU.ActiveCfg = Release|Any CPU
		{6498E441-81BA-4282-9785-EA99E83F7F6D}.Release|Any CPU.Build.0 = Release|Any CPU
	EndGlobalSection
	GlobalSection(SolutionProperties) = preSolution
		HideSolutionNode = FALSE
	EndGlobalSection
	GlobalSection(ExtensibilityGlobals) = postSolution
		SolutionGuid = {F7D2B1D6-E201-42F4-8D23-E34BF70E0391}
	EndGlobalSection
EndGlobal
