
Microsoft Visual Studio Solution File, Format Version 12.00
# Visual Studio Version 16
VisualStudioVersion = 16.0.31112.23
MinimumVisualStudioVersion = 10.0.40219.1
Project("{FAE04EC0-301F-11D3-BF4B-00C04F79EFBC}") = "Chapter4", "Chapter4\Chapter4.csproj", "{A0CAB321-9BFF-4097-BE53-64B201F92241}"
EndProject
Global
	GlobalSection(SolutionConfigurationPlatforms) = preSolution
		Debug|Any CPU = Debug|Any CPU
		Release|Any CPU = Release|Any CPU
	EndGlobalSection
	GlobalSection(ProjectConfigurationPlatforms) = postSolution
		{A0CAB321-9BFF-4097-BE53-64B201F92241}.Debug|Any CPU.ActiveCfg = Debug|Any CPU
		{A0CAB321-9BFF-4097-BE53-64B201F92241}.Debug|Any CPU.Build.0 = Debug|Any CPU
		{A0CAB321-9BFF-4097-BE53-64B201F92241}.Release|Any CPU.ActiveCfg = Release|Any CPU
		{A0CAB321-9BFF-4097-BE53-64B201F92241}.Release|Any CPU.Build.0 = Release|Any CPU
	EndGlobalSection
	GlobalSection(SolutionProperties) = preSolution
		HideSolutionNode = FALSE
	EndGlobalSection
	GlobalSection(ExtensibilityGlobals) = postSolution
		SolutionGuid = {AD57C52B-1184-48AD-BE8B-A0C66BCE756E}
	EndGlobalSection
EndGlobal
