
Microsoft Visual Studio Solution File, Format Version 12.00
# Visual Studio Version 16
VisualStudioVersion = 16.0.31112.23
MinimumVisualStudioVersion = 10.0.40219.1
Project("{FAE04EC0-301F-11D3-BF4B-00C04F79EFBC}") = "Chapter7Part2", "Chapter7and8\Chapter7Part2.csproj", "{683D3511-C5E5-4BBF-9D4D-5E76125C6784}"
EndProject
Global
	GlobalSection(SolutionConfigurationPlatforms) = preSolution
		Debug|Any CPU = Debug|Any CPU
		Release|Any CPU = Release|Any CPU
	EndGlobalSection
	GlobalSection(ProjectConfigurationPlatforms) = postSolution
		{683D3511-C5E5-4BBF-9D4D-5E76125C6784}.Debug|Any CPU.ActiveCfg = Debug|Any CPU
		{683D3511-C5E5-4BBF-9D4D-5E76125C6784}.Debug|Any CPU.Build.0 = Debug|Any CPU
		{683D3511-C5E5-4BBF-9D4D-5E76125C6784}.Release|Any CPU.ActiveCfg = Release|Any CPU
		{683D3511-C5E5-4BBF-9D4D-5E76125C6784}.Release|Any CPU.Build.0 = Release|Any CPU
	EndGlobalSection
	GlobalSection(SolutionProperties) = preSolution
		HideSolutionNode = FALSE
	EndGlobalSection
	GlobalSection(ExtensibilityGlobals) = postSolution
		SolutionGuid = {47E57402-6369-4BD8-8091-A8D2714F8344}
	EndGlobalSection
EndGlobal
