
Microsoft Visual Studio Solution File, Format Version 12.00
# Visual Studio Version 16
VisualStudioVersion = 16.0.31112.23
MinimumVisualStudioVersion = 10.0.40219.1
Project("{FAE04EC0-301F-11D3-BF4B-00C04F79EFBC}") = "Chapter13", "Chapter13\Chapter13.csproj", "{5324E797-F2FA-4C20-A5A9-6D436C4FCFCE}"
EndProject
Global
	GlobalSection(SolutionConfigurationPlatforms) = preSolution
		Debug|Any CPU = Debug|Any CPU
		Release|Any CPU = Release|Any CPU
	EndGlobalSection
	GlobalSection(ProjectConfigurationPlatforms) = postSolution
		{5324E797-F2FA-4C20-A5A9-6D436C4FCFCE}.Debug|Any CPU.ActiveCfg = Debug|Any CPU
		{5324E797-F2FA-4C20-A5A9-6D436C4FCFCE}.Debug|Any CPU.Build.0 = Debug|Any CPU
		{5324E797-F2FA-4C20-A5A9-6D436C4FCFCE}.Release|Any CPU.ActiveCfg = Release|Any CPU
		{5324E797-F2FA-4C20-A5A9-6D436C4FCFCE}.Release|Any CPU.Build.0 = Release|Any CPU
	EndGlobalSection
	GlobalSection(SolutionProperties) = preSolution
		HideSolutionNode = FALSE
	EndGlobalSection
	GlobalSection(ExtensibilityGlobals) = postSolution
		SolutionGuid = {62A1275D-CCB0-4A76-A254-462075217799}
	EndGlobalSection
EndGlobal
